
Microsoft Visual Studio Solution File, Format Version 12.00
# Visual Studio Version 17
VisualStudioVersion = 17.0.32112.339
MinimumVisualStudioVersion = 10.0.40219.1
Project("{FAE04EC0-301F-11D3-BF4B-00C04F79EFBC}") = "examen.Android", "examen.Android\examen.Android.csproj", "{E0E40C73-E945-4D51-B886-818CF6D64A5E}"
EndProject
Project("{FAE04EC0-301F-11D3-BF4B-00C04F79EFBC}") = "examen.iOS", "examen.iOS\examen.iOS.csproj", "{D4FB26CA-5410-431C-8E41-A702C36FDB6E}"
EndProject
Project("{FAE04EC0-301F-11D3-BF4B-00C04F79EFBC}") = "examen", "examen\examen.csproj", "{1D91B996-E8A5-4997-AE6D-AE6A0E28C53B}"
EndProject
Global
	GlobalSection(SolutionConfigurationPlatforms) = preSolution
		Debug|Any CPU = Debug|Any CPU
		Debug|iPhone = Debug|iPhone
		Debug|iPhoneSimulator = Debug|iPhoneSimulator
		Release|Any CPU = Release|Any CPU
		Release|iPhone = Release|iPhone
		Release|iPhoneSimulator = Release|iPhoneSimulator
	EndGlobalSection
	GlobalSection(ProjectConfigurationPlatforms) = postSolution
		{E0E40C73-E945-4D51-B886-818CF6D64A5E}.Debug|Any CPU.ActiveCfg = Debug|Any CPU
		{E0E40C73-E945-4D51-B886-818CF6D64A5E}.Debug|Any CPU.Build.0 = Debug|Any CPU
		{E0E40C73-E945-4D51-B886-818CF6D64A5E}.Debug|Any CPU.Deploy.0 = Debug|Any CPU
		{E0E40C73-E945-4D51-B886-818CF6D64A5E}.Debug|iPhone.ActiveCfg = Debug|Any CPU
		{E0E40C73-E945-4D51-B886-818CF6D64A5E}.Debug|iPhone.Build.0 = Debug|Any CPU
		{E0E40C73-E945-4D51-B886-818CF6D64A5E}.Debug|iPhone.Deploy.0 = Debug|Any CPU
		{E0E40C73-E945-4D51-B886-818CF6D64A5E}.Debug|iPhoneSimulator.ActiveCfg = Debug|Any CPU
		{E0E40C73-E945-4D51-B886-818CF6D64A5E}.Debug|iPhoneSimulator.Build.0 = Debug|Any CPU
		{E0E40C73-E945-4D51-B886-818CF6D64A5E}.Debug|iPhoneSimulator.Deploy.0 = Debug|Any CPU
		{E0E40C73-E945-4D51-B886-818CF6D64A5E}.Release|Any CPU.ActiveCfg = Release|Any CPU
		{E0E40C73-E945-4D51-B886-818CF6D64A5E}.Release|Any CPU.Build.0 = Release|Any CPU
		{E0E40C73-E945-4D51-B886-818CF6D64A5E}.Release|Any CPU.Deploy.0 = Release|Any CPU
		{E0E40C73-E945-4D51-B886-818CF6D64A5E}.Release|iPhone.ActiveCfg = Release|Any CPU
		{E0E40C73-E945-4D51-B886-818CF6D64A5E}.Release|iPhone.Build.0 = Release|Any CPU
		{E0E40C73-E945-4D51-B886-818CF6D64A5E}.Release|iPhone.Deploy.0 = Release|Any CPU
		{E0E40C73-E945-4D51-B886-818CF6D64A5E}.Release|iPhoneSimulator.ActiveCfg = Release|Any CPU
		{E0E40C73-E945-4D51-B886-818CF6D64A5E}.Release|iPhoneSimulator.Build.0 = Release|Any CPU
		{E0E40C73-E945-4D51-B886-818CF6D64A5E}.Release|iPhoneSimulator.Deploy.0 = Release|Any CPU
		{D4FB26CA-5410-431C-8E41-A702C36FDB6E}.Debug|Any CPU.ActiveCfg = Debug|iPhone
		{D4FB26CA-5410-431C-8E41-A702C36FDB6E}.Debug|Any CPU.Build.0 = Debug|iPhone
		{D4FB26CA-5410-431C-8E41-A702C36FDB6E}.Debug|Any CPU.Deploy.0 = Debug|iPhone
		{D4FB26CA-5410-431C-8E41-A702C36FDB6E}.Debug|iPhone.ActiveCfg = Debug|iPhone
		{D4FB26CA-5410-431C-8E41-A702C36FDB6E}.Debug|iPhone.Build.0 = Debug|iPhone
		{D4FB26CA-5410-431C-8E41-A702C36FDB6E}.Debug|iPhone.Deploy.0 = Debug|iPhone
		{D4FB26CA-5410-431C-8E41-A702C36FDB6E}.Debug|iPhoneSimulator.ActiveCfg = Debug|iPhoneSimulator
		{D4FB26CA-5410-431C-8E41-A702C36FDB6E}.Debug|iPhoneSimulator.Build.0 = Debug|iPhoneSimulator
		{D4FB26CA-5410-431C-8E41-A702C36FDB6E}.Debug|iPhoneSimulator.Deploy.0 = Debug|iPhoneSimulator
		{D4FB26CA-5410-431C-8E41-A702C36FDB6E}.Release|Any CPU.ActiveCfg = Release|iPhoneSimulator
		{D4FB26CA-5410-431C-8E41-A702C36FDB6E}.Release|Any CPU.Build.0 = Release|iPhoneSimulator
		{D4FB26CA-5410-431C-8E41-A702C36FDB6E}.Release|Any CPU.Deploy.0 = Release|iPhoneSimulator
		{D4FB26CA-5410-431C-8E41-A702C36FDB6E}.Release|iPhone.ActiveCfg = Release|iPhone
		{D4FB26CA-5410-431C-8E41-A702C36FDB6E}.Release|iPhone.Build.0 = Release|iPhone
		{D4FB26CA-5410-431C-8E41-A702C36FDB6E}.Release|iPhone.Deploy.0 = Release|iPhone
		{D4FB26CA-5410-431C-8E41-A702C36FDB6E}.Release|iPhoneSimulator.ActiveCfg = Release|iPhoneSimulator
		{D4FB26CA-5410-431C-8E41-A702C36FDB6E}.Release|iPhoneSimulator.Build.0 = Release|iPhoneSimulator
		{D4FB26CA-5410-431C-8E41-A702C36FDB6E}.Release|iPhoneSimulator.Deploy.0 = Release|iPhoneSimulator
		{1D91B996-E8A5-4997-AE6D-AE6A0E28C53B}.Debug|Any CPU.ActiveCfg = Debug|Any CPU
		{1D91B996-E8A5-4997-AE6D-AE6A0E28C53B}.Debug|Any CPU.Build.0 = Debug|Any CPU
		{1D91B996-E8A5-4997-AE6D-AE6A0E28C53B}.Debug|Any CPU.Deploy.0 = Debug|Any CPU
		{1D91B996-E8A5-4997-AE6D-AE6A0E28C53B}.Debug|iPhone.ActiveCfg = Debug|Any CPU
		{1D91B996-E8A5-4997-AE6D-AE6A0E28C53B}.Debug|iPhone.Build.0 = Debug|Any CPU
		{1D91B996-E8A5-4997-AE6D-AE6A0E28C53B}.Debug|iPhone.Deploy.0 = Debug|Any CPU
		{1D91B996-E8A5-4997-AE6D-AE6A0E28C53B}.Debug|iPhoneSimulator.ActiveCfg = Debug|Any CPU
		{1D91B996-E8A5-4997-AE6D-AE6A0E28C53B}.Debug|iPhoneSimulator.Build.0 = Debug|Any CPU
		{1D91B996-E8A5-4997-AE6D-AE6A0E28C53B}.Debug|iPhoneSimulator.Deploy.0 = Debug|Any CPU
		{1D91B996-E8A5-4997-AE6D-AE6A0E28C53B}.Release|Any CPU.ActiveCfg = Release|Any CPU
		{1D91B996-E8A5-4997-AE6D-AE6A0E28C53B}.Release|Any CPU.Build.0 = Release|Any CPU
		{1D91B996-E8A5-4997-AE6D-AE6A0E28C53B}.Release|Any CPU.Deploy.0 = Release|Any CPU
		{1D91B996-E8A5-4997-AE6D-AE6A0E28C53B}.Release|iPhone.ActiveCfg = Release|Any CPU
		{1D91B996-E8A5-4997-AE6D-AE6A0E28C53B}.Release|iPhone.Build.0 = Release|Any CPU
		{1D91B996-E8A5-4997-AE6D-AE6A0E28C53B}.Release|iPhone.Deploy.0 = Release|Any CPU
		{1D91B996-E8A5-4997-AE6D-AE6A0E28C53B}.Release|iPhoneSimulator.ActiveCfg = Release|Any CPU
		{1D91B996-E8A5-4997-AE6D-AE6A0E28C53B}.Release|iPhoneSimulator.Build.0 = Release|Any CPU
		{1D91B996-E8A5-4997-AE6D-AE6A0E28C53B}.Release|iPhoneSimulator.Deploy.0 = Release|Any CPU
	EndGlobalSection
	GlobalSection(SolutionProperties) = preSolution
		HideSolutionNode = FALSE
	EndGlobalSection
	GlobalSection(ExtensibilityGlobals) = postSolution
		SolutionGuid = {1FE257B5-E355-4F60-941B-8A711F004340}
	EndGlobalSection
EndGlobal
